
Microsoft Visual Studio Solution File, Format Version 12.00
# Visual Studio Version 18
VisualStudioVersion = 18.0.11217.181 d18.0
MinimumVisualStudioVersion = 10.0.40219.1
Project("{9A19103F-16F7-4668-BE54-9A1E7A4F7556}") = "LocoChecker", "LocoChecker\LocoChecker.csproj", "{764C44E2-A259-4A61-A2E9-3BF879268BA4}"
EndProject
Project("{9A19103F-16F7-4668-BE54-9A1E7A4F7556}") = "LocoChecker.Tests", "LocoChecker.Tests\LocoChecker.Tests.csproj", "{787567EC-9DCC-489C-95A0-7D200F2CDF0E}"
EndProject
Project("{2150E333-8FDC-42A3-9474-1A3956D46DE8}") = "Solution Items", "Solution Items", "{F669DD46-6D1E-40E8-913F-6C1EA7E8F1A0}"
	ProjectSection(SolutionItems) = preProject
		Directory.Build.props = Directory.Build.props
		README.md = README.md
	EndProjectSection
EndProject
Global
	GlobalSection(SolutionConfigurationPlatforms) = preSolution
		Debug|Any CPU = Debug|Any CPU
		Release|Any CPU = Release|Any CPU
	EndGlobalSection
	GlobalSection(ProjectConfigurationPlatforms) = postSolution
		{764C44E2-A259-4A61-A2E9-3BF879268BA4}.Debug|Any CPU.ActiveCfg = Debug|Any CPU
		{764C44E2-A259-4A61-A2E9-3BF879268BA4}.Debug|Any CPU.Build.0 = Debug|Any CPU
		{764C44E2-A259-4A61-A2E9-3BF879268BA4}.Release|Any CPU.ActiveCfg = Release|Any CPU
		{764C44E2-A259-4A61-A2E9-3BF879268BA4}.Release|Any CPU.Build.0 = Release|Any CPU
		{787567EC-9DCC-489C-95A0-7D200F2CDF0E}.Debug|Any CPU.ActiveCfg = Debug|Any CPU
		{787567EC-9DCC-489C-95A0-7D200F2CDF0E}.Debug|Any CPU.Build.0 = Debug|Any CPU
		{787567EC-9DCC-489C-95A0-7D200F2CDF0E}.Release|Any CPU.ActiveCfg = Release|Any CPU
		{787567EC-9DCC-489C-95A0-7D200F2CDF0E}.Release|Any CPU.Build.0 = Release|Any CPU
	EndGlobalSection
	GlobalSection(SolutionProperties) = preSolution
		HideSolutionNode = FALSE
	EndGlobalSection
	GlobalSection(ExtensibilityGlobals) = postSolution
		SolutionGuid = {94AD33B1-9205-4088-B53A-F2842FC1A28E}
	EndGlobalSection
EndGlobal
